{
  "name": "001init",
  "version": "1.0.0",
  "lockfileVersion": 2,
  "requires": true,
  "packages": {
    "": {
      "name": "001init",
      "version": "1.0.0",
      "license": "ISC",
      "devDependencies": {
        "types-for-adobe": "^7.0.6",
        "typescript": "^4.8.4"
      }
    },
    "node_modules/types-for-adobe": {
      "version": "7.0.6",
      "resolved": "https://registry.npmjs.org/types-for-adobe/-/types-for-adobe-7.0.6.tgz",
      "integrity": "sha512-HhqTLj5TkI8HCm7NncG23H7VKrmvWhX2Gh0KpY2keISi1eJ+JYX715Jyi1ovmgPXPLBOS7i7ZlkgP4zvBOTo8Q==",
      "dev": true
    },
    "node_modules/typescript": {
      "version": "4.8.4",
      "resolved": "https://registry.npmjs.org/typescript/-/typescript-4.8.4.tgz",
      "integrity": "sha512-QCh+85mCy+h0IGff8r5XWzOVSbBO+KfeYrMQh7NJ58QujwcE22u+NUSmUxqF+un70P9GXKxa2HCNiTTMJknyjQ==",
      "dev": true,
      "bin": {
        "tsc": "bin/tsc",
        "tsserver": "bin/tsserver"
      },
      "engines": {
        "node": ">=4.2.0"
      }
    }
  },
  "dependencies": {
    "types-for-adobe": {
      "version": "7.0.6",
      "resolved": "https://registry.npmjs.org/types-for-adobe/-/types-for-adobe-7.0.6.tgz",
      "integrity": "sha512-HhqTLj5TkI8HCm7NncG23H7VKrmvWhX2Gh0KpY2keISi1eJ+JYX715Jyi1ovmgPXPLBOS7i7ZlkgP4zvBOTo8Q==",
      "dev": true
    },
    "typescript": {
      "version": "4.8.4",
      "resolved": "https://registry.npmjs.org/typescript/-/typescript-4.8.4.tgz",
      "integrity": "sha512-QCh+85mCy+h0IGff8r5XWzOVSbBO+KfeYrMQh7NJ58QujwcE22u+NUSmUxqF+un70P9GXKxa2HCNiTTMJknyjQ==",
      "dev": true
    }
  }
}
